
Microsoft Visual Studio Solution File, Format Version 12.00
# Visual Studio Version 16
VisualStudioVersion = 25.0.1703.8
MinimumVisualStudioVersion = 10.0.40219.1
Project("{FAE04EC0-301F-11D3-BF4B-00C04F79EFBC}") = "eShopApp.Web.Api", "src\eShopApp.Web.Api\eShopApp.Web.Api.csproj", "{376B3F52-FEFF-435E-B0A1-39CC8DB2CC85}"
EndProject
Project("{2150E333-8FDC-42A3-9474-1A3956D46DE8}") = "Api", "Api", "{9FAF9CED-4F81-46A3-8696-7FB7B7671978}"
EndProject
Project("{2150E333-8FDC-42A3-9474-1A3956D46DE8}") = "Web", "Web", "{296462C4-C124-4FEE-8318-7DB433DA4DEC}"
EndProject
Project("{2150E333-8FDC-42A3-9474-1A3956D46DE8}") = "Application", "Application", "{D28E7B54-B77B-4F38-8C2C-8146C3EED9D0}"
EndProject
Project("{2150E333-8FDC-42A3-9474-1A3956D46DE8}") = "Domain", "Domain", "{447DAFF3-7F74-4C9F-9A9D-26875757DF70}"
EndProject
Project("{FAE04EC0-301F-11D3-BF4B-00C04F79EFBC}") = "eShopApp.Domain", "src\eShopApp.Domain\eShopApp.Domain.csproj", "{57C62A07-0688-4DCA-BCDA-C59F1D5D4958}"
EndProject
Project("{FAE04EC0-301F-11D3-BF4B-00C04F79EFBC}") = "eShopApp.Application", "src\eShopApp.Application\eShopApp.Application.csproj", "{41F79971-3422-475E-8C5A-126C355D1249}"
EndProject
Project("{FAE04EC0-301F-11D3-BF4B-00C04F79EFBC}") = "eShopApp.Contracts", "src\eShopApp.Contracts\eShopApp.Contracts.csproj", "{DB693290-9879-46E8-B27C-A23AD30104E7}"
EndProject
Project("{2150E333-8FDC-42A3-9474-1A3956D46DE8}") = "Contracts", "Contracts", "{2E3C35CD-4EB7-42C9-B660-B2F35B4B5851}"
EndProject
Global
	GlobalSection(SolutionConfigurationPlatforms) = preSolution
		Debug|Any CPU = Debug|Any CPU
		Release|Any CPU = Release|Any CPU
	EndGlobalSection
	GlobalSection(ProjectConfigurationPlatforms) = postSolution
		{376B3F52-FEFF-435E-B0A1-39CC8DB2CC85}.Debug|Any CPU.ActiveCfg = Debug|Any CPU
		{376B3F52-FEFF-435E-B0A1-39CC8DB2CC85}.Debug|Any CPU.Build.0 = Debug|Any CPU
		{376B3F52-FEFF-435E-B0A1-39CC8DB2CC85}.Release|Any CPU.ActiveCfg = Release|Any CPU
		{376B3F52-FEFF-435E-B0A1-39CC8DB2CC85}.Release|Any CPU.Build.0 = Release|Any CPU
		{57C62A07-0688-4DCA-BCDA-C59F1D5D4958}.Debug|Any CPU.ActiveCfg = Debug|Any CPU
		{57C62A07-0688-4DCA-BCDA-C59F1D5D4958}.Debug|Any CPU.Build.0 = Debug|Any CPU
		{57C62A07-0688-4DCA-BCDA-C59F1D5D4958}.Release|Any CPU.ActiveCfg = Release|Any CPU
		{57C62A07-0688-4DCA-BCDA-C59F1D5D4958}.Release|Any CPU.Build.0 = Release|Any CPU
		{41F79971-3422-475E-8C5A-126C355D1249}.Debug|Any CPU.ActiveCfg = Debug|Any CPU
		{41F79971-3422-475E-8C5A-126C355D1249}.Debug|Any CPU.Build.0 = Debug|Any CPU
		{41F79971-3422-475E-8C5A-126C355D1249}.Release|Any CPU.ActiveCfg = Release|Any CPU
		{41F79971-3422-475E-8C5A-126C355D1249}.Release|Any CPU.Build.0 = Release|Any CPU
		{DB693290-9879-46E8-B27C-A23AD30104E7}.Debug|Any CPU.ActiveCfg = Debug|Any CPU
		{DB693290-9879-46E8-B27C-A23AD30104E7}.Debug|Any CPU.Build.0 = Debug|Any CPU
		{DB693290-9879-46E8-B27C-A23AD30104E7}.Release|Any CPU.ActiveCfg = Release|Any CPU
		{DB693290-9879-46E8-B27C-A23AD30104E7}.Release|Any CPU.Build.0 = Release|Any CPU
	EndGlobalSection
	GlobalSection(SolutionProperties) = preSolution
		HideSolutionNode = FALSE
	EndGlobalSection
	GlobalSection(ExtensibilityGlobals) = postSolution
		SolutionGuid = {D50D93F6-3AFB-414B-A462-7E494E5FBFE9}
	EndGlobalSection
	GlobalSection(NestedProjects) = preSolution
		{376B3F52-FEFF-435E-B0A1-39CC8DB2CC85} = {9FAF9CED-4F81-46A3-8696-7FB7B7671978}
		{57C62A07-0688-4DCA-BCDA-C59F1D5D4958} = {447DAFF3-7F74-4C9F-9A9D-26875757DF70}
		{41F79971-3422-475E-8C5A-126C355D1249} = {D28E7B54-B77B-4F38-8C2C-8146C3EED9D0}
		{DB693290-9879-46E8-B27C-A23AD30104E7} = {2E3C35CD-4EB7-42C9-B660-B2F35B4B5851}
	EndGlobalSection
EndGlobal
